
Microsoft Visual Studio Solution File, Format Version 12.00
# Visual Studio Version 16
VisualStudioVersion = 16.0.29409.12
MinimumVisualStudioVersion = 10.0.40219.1
Project("{9A19103F-16F7-4668-BE54-9A1E7A4F7556}") = "Blockcore", "Blockcore\Blockcore.csproj", "{094AECD5-E0D8-43A9-A0BD-39B01F51A1F2}"
EndProject
Project("{9A19103F-16F7-4668-BE54-9A1E7A4F7556}") = "Blockcore.Features.RPC", "Features\Blockcore.Features.RPC\Blockcore.Features.RPC.csproj", "{5E0010F1-50B8-4FC5-A9C2-38D7DF73A0D2}"
EndProject
Project("{9A19103F-16F7-4668-BE54-9A1E7A4F7556}") = "Blockcore.Features.Miner", "Features\Blockcore.Features.Miner\Blockcore.Features.Miner.csproj", "{22B296FE-26B4-4B84-8CF5-614F9D3716A6}"
EndProject
Project("{9A19103F-16F7-4668-BE54-9A1E7A4F7556}") = "Blockcore.Features.Wallet", "Features\Blockcore.Features.Wallet\Blockcore.Features.Wallet.csproj", "{6650A6CC-3B56-4D86-8DAA-FD0C8830113A}"
EndProject
Project("{9A19103F-16F7-4668-BE54-9A1E7A4F7556}") = "Blockcore.Features.BlockStore", "Features\Blockcore.Features.BlockStore\Blockcore.Features.BlockStore.csproj", "{528DB00C-F8AE-4703-80E5-ECC37AC56A9E}"
EndProject
Project("{9A19103F-16F7-4668-BE54-9A1E7A4F7556}") = "Blockcore.Features.MemoryPool", "Features\Blockcore.Features.MemoryPool\Blockcore.Features.MemoryPool.csproj", "{AFDF6339-EE03-4F76-BFB5-024713230D91}"
EndProject
Project("{9A19103F-16F7-4668-BE54-9A1E7A4F7556}") = "Blockcore.Features.Consensus", "Features\Blockcore.Features.Consensus\Blockcore.Features.Consensus.csproj", "{75C364C1-0785-4EDD-9DB8-B0B21F27573C}"
EndProject
Project("{2150E333-8FDC-42A3-9474-1A3956D46DE8}") = "Fullnode", "Fullnode", "{15D29FFD-6142-4DC5-AFFD-10BA0CA55C45}"
EndProject
Project("{9A19103F-16F7-4668-BE54-9A1E7A4F7556}") = "Blockcore.Features.NodeHost", "Features\Blockcore.Features.NodeHost\Blockcore.Features.NodeHost.csproj", "{FB78D861-F3DF-412D-8A3D-D1756ADA39D4}"
EndProject
Project("{9A19103F-16F7-4668-BE54-9A1E7A4F7556}") = "Blockcore.Features.Dns", "Features\Blockcore.Features.Dns\Blockcore.Features.Dns.csproj", "{6181B889-81B0-4A1E-A29F-E20DCD8BFC1F}"
EndProject
Project("{9A19103F-16F7-4668-BE54-9A1E7A4F7556}") = "Blockcore.Features.PoA", "Features\Blockcore.Features.PoA\Blockcore.Features.PoA.csproj", "{7DFE2D04-EA64-45C9-B5F6-89B435E7C8B6}"
EndProject
Project("{9A19103F-16F7-4668-BE54-9A1E7A4F7556}") = "Blockcore.Features.ColdStaking", "Features\Blockcore.Features.ColdStaking\Blockcore.Features.ColdStaking.csproj", "{072C5F7C-4B75-46C9-A54D-774DA77ED1D1}"
EndProject
Project("{9A19103F-16F7-4668-BE54-9A1E7A4F7556}") = "Blockcore.Features.Diagnostic", "Features\Blockcore.Features.Diagnostic\Blockcore.Features.Diagnostic.csproj", "{53209209-7239-4FEB-BE8D-B2DF6145BBDA}"
EndProject
Project("{2150E333-8FDC-42A3-9474-1A3956D46DE8}") = ".Global", ".Global", "{0C6FDCCE-6D75-441F-86FA-2AD177196BF8}"
	ProjectSection(SolutionItems) = preProject
		.editorconfig = .editorconfig
		Blockcore.ruleset = Blockcore.ruleset
		Directory.Build.props = Directory.Build.props
		None.ruleset = None.ruleset
		stylecop.json = stylecop.json
	EndProjectSection
EndProject
Project("{9A19103F-16F7-4668-BE54-9A1E7A4F7556}") = "X1.X1Network", "X1\X1Network\X1.X1Network.csproj", "{77EAEB0D-6347-4F75-B5E4-34B13ED24D85}"
EndProject
Project("{9A19103F-16F7-4668-BE54-9A1E7A4F7556}") = "X1.X1Daemon", "X1\X1Daemon\X1.X1Daemon.csproj", "{30FD36D4-2ABD-41AC-87F9-CAF13B240628}"
EndProject
Global
	GlobalSection(SolutionConfigurationPlatforms) = preSolution
		Debug|Any CPU = Debug|Any CPU
		Release|Any CPU = Release|Any CPU
	EndGlobalSection
	GlobalSection(ProjectConfigurationPlatforms) = postSolution
		{094AECD5-E0D8-43A9-A0BD-39B01F51A1F2}.Debug|Any CPU.ActiveCfg = Debug|Any CPU
		{094AECD5-E0D8-43A9-A0BD-39B01F51A1F2}.Debug|Any CPU.Build.0 = Debug|Any CPU
		{094AECD5-E0D8-43A9-A0BD-39B01F51A1F2}.Release|Any CPU.ActiveCfg = Release|Any CPU
		{094AECD5-E0D8-43A9-A0BD-39B01F51A1F2}.Release|Any CPU.Build.0 = Release|Any CPU
		{5E0010F1-50B8-4FC5-A9C2-38D7DF73A0D2}.Debug|Any CPU.ActiveCfg = Debug|Any CPU
		{5E0010F1-50B8-4FC5-A9C2-38D7DF73A0D2}.Debug|Any CPU.Build.0 = Debug|Any CPU
		{5E0010F1-50B8-4FC5-A9C2-38D7DF73A0D2}.Release|Any CPU.ActiveCfg = Release|Any CPU
		{5E0010F1-50B8-4FC5-A9C2-38D7DF73A0D2}.Release|Any CPU.Build.0 = Release|Any CPU
		{22B296FE-26B4-4B84-8CF5-614F9D3716A6}.Debug|Any CPU.ActiveCfg = Debug|Any CPU
		{22B296FE-26B4-4B84-8CF5-614F9D3716A6}.Debug|Any CPU.Build.0 = Debug|Any CPU
		{22B296FE-26B4-4B84-8CF5-614F9D3716A6}.Release|Any CPU.ActiveCfg = Release|Any CPU
		{22B296FE-26B4-4B84-8CF5-614F9D3716A6}.Release|Any CPU.Build.0 = Release|Any CPU
		{6650A6CC-3B56-4D86-8DAA-FD0C8830113A}.Debug|Any CPU.ActiveCfg = Debug|Any CPU
		{6650A6CC-3B56-4D86-8DAA-FD0C8830113A}.Debug|Any CPU.Build.0 = Debug|Any CPU
		{6650A6CC-3B56-4D86-8DAA-FD0C8830113A}.Release|Any CPU.ActiveCfg = Release|Any CPU
		{6650A6CC-3B56-4D86-8DAA-FD0C8830113A}.Release|Any CPU.Build.0 = Release|Any CPU
		{528DB00C-F8AE-4703-80E5-ECC37AC56A9E}.Debug|Any CPU.ActiveCfg = Debug|Any CPU
		{528DB00C-F8AE-4703-80E5-ECC37AC56A9E}.Debug|Any CPU.Build.0 = Debug|Any CPU
		{528DB00C-F8AE-4703-80E5-ECC37AC56A9E}.Release|Any CPU.ActiveCfg = Release|Any CPU
		{528DB00C-F8AE-4703-80E5-ECC37AC56A9E}.Release|Any CPU.Build.0 = Release|Any CPU
		{AFDF6339-EE03-4F76-BFB5-024713230D91}.Debug|Any CPU.ActiveCfg = Debug|Any CPU
		{AFDF6339-EE03-4F76-BFB5-024713230D91}.Debug|Any CPU.Build.0 = Debug|Any CPU
		{AFDF6339-EE03-4F76-BFB5-024713230D91}.Release|Any CPU.ActiveCfg = Release|Any CPU
		{AFDF6339-EE03-4F76-BFB5-024713230D91}.Release|Any CPU.Build.0 = Release|Any CPU
		{75C364C1-0785-4EDD-9DB8-B0B21F27573C}.Debug|Any CPU.ActiveCfg = Debug|Any CPU
		{75C364C1-0785-4EDD-9DB8-B0B21F27573C}.Debug|Any CPU.Build.0 = Debug|Any CPU
		{75C364C1-0785-4EDD-9DB8-B0B21F27573C}.Release|Any CPU.ActiveCfg = Release|Any CPU
		{75C364C1-0785-4EDD-9DB8-B0B21F27573C}.Release|Any CPU.Build.0 = Release|Any CPU
		{FB78D861-F3DF-412D-8A3D-D1756ADA39D4}.Debug|Any CPU.ActiveCfg = Debug|Any CPU
		{FB78D861-F3DF-412D-8A3D-D1756ADA39D4}.Debug|Any CPU.Build.0 = Debug|Any CPU
		{FB78D861-F3DF-412D-8A3D-D1756ADA39D4}.Release|Any CPU.ActiveCfg = Release|Any CPU
		{FB78D861-F3DF-412D-8A3D-D1756ADA39D4}.Release|Any CPU.Build.0 = Release|Any CPU
		{6181B889-81B0-4A1E-A29F-E20DCD8BFC1F}.Debug|Any CPU.ActiveCfg = Debug|Any CPU
		{6181B889-81B0-4A1E-A29F-E20DCD8BFC1F}.Debug|Any CPU.Build.0 = Debug|Any CPU
		{6181B889-81B0-4A1E-A29F-E20DCD8BFC1F}.Release|Any CPU.ActiveCfg = Release|Any CPU
		{6181B889-81B0-4A1E-A29F-E20DCD8BFC1F}.Release|Any CPU.Build.0 = Release|Any CPU
		{7DFE2D04-EA64-45C9-B5F6-89B435E7C8B6}.Debug|Any CPU.ActiveCfg = Debug|Any CPU
		{7DFE2D04-EA64-45C9-B5F6-89B435E7C8B6}.Debug|Any CPU.Build.0 = Debug|Any CPU
		{7DFE2D04-EA64-45C9-B5F6-89B435E7C8B6}.Release|Any CPU.ActiveCfg = Release|Any CPU
		{7DFE2D04-EA64-45C9-B5F6-89B435E7C8B6}.Release|Any CPU.Build.0 = Release|Any CPU
		{072C5F7C-4B75-46C9-A54D-774DA77ED1D1}.Debug|Any CPU.ActiveCfg = Debug|Any CPU
		{072C5F7C-4B75-46C9-A54D-774DA77ED1D1}.Debug|Any CPU.Build.0 = Debug|Any CPU
		{072C5F7C-4B75-46C9-A54D-774DA77ED1D1}.Release|Any CPU.ActiveCfg = Release|Any CPU
		{072C5F7C-4B75-46C9-A54D-774DA77ED1D1}.Release|Any CPU.Build.0 = Release|Any CPU
		{53209209-7239-4FEB-BE8D-B2DF6145BBDA}.Debug|Any CPU.ActiveCfg = Debug|Any CPU
		{53209209-7239-4FEB-BE8D-B2DF6145BBDA}.Debug|Any CPU.Build.0 = Debug|Any CPU
		{53209209-7239-4FEB-BE8D-B2DF6145BBDA}.Release|Any CPU.ActiveCfg = Release|Any CPU
		{53209209-7239-4FEB-BE8D-B2DF6145BBDA}.Release|Any CPU.Build.0 = Release|Any CPU
		{77EAEB0D-6347-4F75-B5E4-34B13ED24D85}.Debug|Any CPU.ActiveCfg = Debug|Any CPU
		{77EAEB0D-6347-4F75-B5E4-34B13ED24D85}.Debug|Any CPU.Build.0 = Debug|Any CPU
		{77EAEB0D-6347-4F75-B5E4-34B13ED24D85}.Release|Any CPU.ActiveCfg = Release|Any CPU
		{77EAEB0D-6347-4F75-B5E4-34B13ED24D85}.Release|Any CPU.Build.0 = Release|Any CPU
		{30FD36D4-2ABD-41AC-87F9-CAF13B240628}.Debug|Any CPU.ActiveCfg = Debug|Any CPU
		{30FD36D4-2ABD-41AC-87F9-CAF13B240628}.Debug|Any CPU.Build.0 = Debug|Any CPU
		{30FD36D4-2ABD-41AC-87F9-CAF13B240628}.Release|Any CPU.ActiveCfg = Release|Any CPU
		{30FD36D4-2ABD-41AC-87F9-CAF13B240628}.Release|Any CPU.Build.0 = Release|Any CPU
	EndGlobalSection
	GlobalSection(SolutionProperties) = preSolution
		HideSolutionNode = FALSE
	EndGlobalSection
	GlobalSection(NestedProjects) = preSolution
		{094AECD5-E0D8-43A9-A0BD-39B01F51A1F2} = {15D29FFD-6142-4DC5-AFFD-10BA0CA55C45}
		{5E0010F1-50B8-4FC5-A9C2-38D7DF73A0D2} = {15D29FFD-6142-4DC5-AFFD-10BA0CA55C45}
		{22B296FE-26B4-4B84-8CF5-614F9D3716A6} = {15D29FFD-6142-4DC5-AFFD-10BA0CA55C45}
		{6650A6CC-3B56-4D86-8DAA-FD0C8830113A} = {15D29FFD-6142-4DC5-AFFD-10BA0CA55C45}
		{528DB00C-F8AE-4703-80E5-ECC37AC56A9E} = {15D29FFD-6142-4DC5-AFFD-10BA0CA55C45}
		{AFDF6339-EE03-4F76-BFB5-024713230D91} = {15D29FFD-6142-4DC5-AFFD-10BA0CA55C45}
		{75C364C1-0785-4EDD-9DB8-B0B21F27573C} = {15D29FFD-6142-4DC5-AFFD-10BA0CA55C45}
		{FB78D861-F3DF-412D-8A3D-D1756ADA39D4} = {15D29FFD-6142-4DC5-AFFD-10BA0CA55C45}
		{6181B889-81B0-4A1E-A29F-E20DCD8BFC1F} = {15D29FFD-6142-4DC5-AFFD-10BA0CA55C45}
		{7DFE2D04-EA64-45C9-B5F6-89B435E7C8B6} = {15D29FFD-6142-4DC5-AFFD-10BA0CA55C45}
		{072C5F7C-4B75-46C9-A54D-774DA77ED1D1} = {15D29FFD-6142-4DC5-AFFD-10BA0CA55C45}
		{53209209-7239-4FEB-BE8D-B2DF6145BBDA} = {15D29FFD-6142-4DC5-AFFD-10BA0CA55C45}
	EndGlobalSection
	GlobalSection(ExtensibilityGlobals) = postSolution
		SolutionGuid = {6C780ABA-5872-4B83-AD3F-A5BD423AD907}
	EndGlobalSection
EndGlobal
